
Microsoft Visual Studio Solution File, Format Version 12.00
# Visual Studio Version 16
VisualStudioVersion = 16.0.29102.190
MinimumVisualStudioVersion = 10.0.40219.1
Project("{F184B08F-C81C-45F6-A57F-5ABD9991F28F}") = "Test", "Test.vbproj", "{015A129C-22D0-4664-B05B-FD37330D871F}"
EndProject
Global
	GlobalSection(SolutionConfigurationPlatforms) = preSolution
		Debug|Any CPU = Debug|Any CPU
		Release|Any CPU = Release|Any CPU
	EndGlobalSection
	GlobalSection(ProjectConfigurationPlatforms) = postSolution
		{015A129C-22D0-4664-B05B-FD37330D871F}.Debug|Any CPU.ActiveCfg = Debug|Any CPU
		{015A129C-22D0-4664-B05B-FD37330D871F}.Debug|Any CPU.Build.0 = Debug|Any CPU
		{015A129C-22D0-4664-B05B-FD37330D871F}.Release|Any CPU.ActiveCfg = Release|Any CPU
		{015A129C-22D0-4664-B05B-FD37330D871F}.Release|Any CPU.Build.0 = Release|Any CPU
	EndGlobalSection
	GlobalSection(SolutionProperties) = preSolution
		HideSolutionNode = FALSE
	EndGlobalSection
	GlobalSection(ExtensibilityGlobals) = postSolution
		SolutionGuid = {CD12C6A5-AAD9-4CC0-B2D0-537829B304BD}
	EndGlobalSection
EndGlobal
