
Microsoft Visual Studio Solution File, Format Version 12.00
# Visual Studio Version 16
VisualStudioVersion = 16.0.29102.190
MinimumVisualStudioVersion = 10.0.40219.1
Project("{F184B08F-C81C-45F6-A57F-5ABD9991F28F}") = "Inteiro_Financial_Insight", "Inteiro_Financial_Insight.vbproj", "{D002071B-C83A-4087-BE46-9AF8A0F6CC24}"
EndProject
Project("{F184B08F-C81C-45F6-A57F-5ABD9991F28F}") = "Finansial Insight Brugere", "Finansial Insight Brugere\Finansial Insight Brugere.vbproj", "{8745D6B9-81C9-4E18-84D5-3FE8A36A96F9}"
EndProject
Project("{F184B08F-C81C-45F6-A57F-5ABD9991F28F}") = "Finansial Insight login", "Login\Finansial Insight login.vbproj", "{592A5BAE-BB8B-45AF-8425-34F9A83F7CC9}"
EndProject
Project("{F184B08F-C81C-45F6-A57F-5ABD9991F28F}") = "Inteiro_Financial Insight SQL overførsel", "Financial Insightoverførsel SQL\WindowsApp1\Inteiro_Financial Insight SQL overførsel.vbproj", "{FDC5479D-A9F3-4705-B611-9032904AADC5}"
EndProject
Project("{F184B08F-C81C-45F6-A57F-5ABD9991F28F}") = "Logintest1", "..\Logintest1\Logintest1\Logintest1.vbproj", "{3E226A2F-3960-492E-AF88-7B6677906AF4}"
EndProject
Project("{F184B08F-C81C-45F6-A57F-5ABD9991F28F}") = "Finansial Insight - Menu", "Finansial Insight - Menu\Finansial Insight - Menu.vbproj", "{4CB93E3C-5A7E-42E1-B1A0-AB2DE17DDC4A}"
EndProject
Global
	GlobalSection(SolutionConfigurationPlatforms) = preSolution
		Debug|Any CPU = Debug|Any CPU
		Release|Any CPU = Release|Any CPU
	EndGlobalSection
	GlobalSection(ProjectConfigurationPlatforms) = postSolution
		{D002071B-C83A-4087-BE46-9AF8A0F6CC24}.Debug|Any CPU.ActiveCfg = Debug|Any CPU
		{D002071B-C83A-4087-BE46-9AF8A0F6CC24}.Debug|Any CPU.Build.0 = Debug|Any CPU
		{D002071B-C83A-4087-BE46-9AF8A0F6CC24}.Release|Any CPU.ActiveCfg = Release|Any CPU
		{D002071B-C83A-4087-BE46-9AF8A0F6CC24}.Release|Any CPU.Build.0 = Release|Any CPU
		{8745D6B9-81C9-4E18-84D5-3FE8A36A96F9}.Debug|Any CPU.ActiveCfg = Debug|Any CPU
		{8745D6B9-81C9-4E18-84D5-3FE8A36A96F9}.Debug|Any CPU.Build.0 = Debug|Any CPU
		{8745D6B9-81C9-4E18-84D5-3FE8A36A96F9}.Release|Any CPU.ActiveCfg = Release|Any CPU
		{8745D6B9-81C9-4E18-84D5-3FE8A36A96F9}.Release|Any CPU.Build.0 = Release|Any CPU
		{592A5BAE-BB8B-45AF-8425-34F9A83F7CC9}.Debug|Any CPU.ActiveCfg = Debug|Any CPU
		{592A5BAE-BB8B-45AF-8425-34F9A83F7CC9}.Debug|Any CPU.Build.0 = Debug|Any CPU
		{592A5BAE-BB8B-45AF-8425-34F9A83F7CC9}.Release|Any CPU.ActiveCfg = Release|Any CPU
		{592A5BAE-BB8B-45AF-8425-34F9A83F7CC9}.Release|Any CPU.Build.0 = Release|Any CPU
		{FDC5479D-A9F3-4705-B611-9032904AADC5}.Debug|Any CPU.ActiveCfg = Debug|Any CPU
		{FDC5479D-A9F3-4705-B611-9032904AADC5}.Debug|Any CPU.Build.0 = Debug|Any CPU
		{FDC5479D-A9F3-4705-B611-9032904AADC5}.Release|Any CPU.ActiveCfg = Release|Any CPU
		{FDC5479D-A9F3-4705-B611-9032904AADC5}.Release|Any CPU.Build.0 = Release|Any CPU
		{3E226A2F-3960-492E-AF88-7B6677906AF4}.Debug|Any CPU.ActiveCfg = Debug|Any CPU
		{3E226A2F-3960-492E-AF88-7B6677906AF4}.Debug|Any CPU.Build.0 = Debug|Any CPU
		{3E226A2F-3960-492E-AF88-7B6677906AF4}.Release|Any CPU.ActiveCfg = Release|Any CPU
		{3E226A2F-3960-492E-AF88-7B6677906AF4}.Release|Any CPU.Build.0 = Release|Any CPU
		{4CB93E3C-5A7E-42E1-B1A0-AB2DE17DDC4A}.Debug|Any CPU.ActiveCfg = Debug|Any CPU
		{4CB93E3C-5A7E-42E1-B1A0-AB2DE17DDC4A}.Debug|Any CPU.Build.0 = Debug|Any CPU
		{4CB93E3C-5A7E-42E1-B1A0-AB2DE17DDC4A}.Release|Any CPU.ActiveCfg = Release|Any CPU
		{4CB93E3C-5A7E-42E1-B1A0-AB2DE17DDC4A}.Release|Any CPU.Build.0 = Release|Any CPU
	EndGlobalSection
	GlobalSection(SolutionProperties) = preSolution
		HideSolutionNode = FALSE
	EndGlobalSection
	GlobalSection(ExtensibilityGlobals) = postSolution
		SolutionGuid = {5981B8ED-628B-4A4D-8795-3BDF1946A7C7}
	EndGlobalSection
EndGlobal
