
Microsoft Visual Studio Solution File, Format Version 12.00
# Visual Studio Version 16
VisualStudioVersion = 16.0.29503.13
MinimumVisualStudioVersion = 10.0.40219.1
Project("{F184B08F-C81C-45F6-A57F-5ABD9991F28F}") = "ExcelWebAddIn1", "ExcelWebAddIn1\ExcelWebAddIn1.vbproj", "{6C53C74B-18F4-4BF9-8834-BC382A7618F0}"
EndProject
Project("{F184B08F-C81C-45F6-A57F-5ABD9991F28F}") = "ExcelWebAddIn1Web", "ExcelWebAddIn1Web\ExcelWebAddIn1Web.vbproj", "{BE835F51-0E07-42A5-AD40-C774C67CC302}"
EndProject
Global
	GlobalSection(SolutionConfigurationPlatforms) = preSolution
		Debug|Any CPU = Debug|Any CPU
		Release|Any CPU = Release|Any CPU
	EndGlobalSection
	GlobalSection(ProjectConfigurationPlatforms) = postSolution
		{6C53C74B-18F4-4BF9-8834-BC382A7618F0}.Debug|Any CPU.ActiveCfg = Debug|Any CPU
		{6C53C74B-18F4-4BF9-8834-BC382A7618F0}.Debug|Any CPU.Build.0 = Debug|Any CPU
		{6C53C74B-18F4-4BF9-8834-BC382A7618F0}.Debug|Any CPU.Deploy.0 = Debug|Any CPU
		{6C53C74B-18F4-4BF9-8834-BC382A7618F0}.Release|Any CPU.ActiveCfg = Release|Any CPU
		{6C53C74B-18F4-4BF9-8834-BC382A7618F0}.Release|Any CPU.Build.0 = Release|Any CPU
		{6C53C74B-18F4-4BF9-8834-BC382A7618F0}.Release|Any CPU.Deploy.0 = Release|Any CPU
		{BE835F51-0E07-42A5-AD40-C774C67CC302}.Debug|Any CPU.ActiveCfg = Debug|Any CPU
		{BE835F51-0E07-42A5-AD40-C774C67CC302}.Debug|Any CPU.Build.0 = Debug|Any CPU
		{BE835F51-0E07-42A5-AD40-C774C67CC302}.Release|Any CPU.ActiveCfg = Release|Any CPU
		{BE835F51-0E07-42A5-AD40-C774C67CC302}.Release|Any CPU.Build.0 = Release|Any CPU
	EndGlobalSection
	GlobalSection(SolutionProperties) = preSolution
		HideSolutionNode = FALSE
	EndGlobalSection
	GlobalSection(ExtensibilityGlobals) = postSolution
		SolutionGuid = {472DE637-689D-4B18-BF43-2BE027958BF3}
	EndGlobalSection
EndGlobal
