
Microsoft Visual Studio Solution File, Format Version 12.00
# Visual Studio Version 16
VisualStudioVersion = 16.0.28922.388
MinimumVisualStudioVersion = 10.0.40219.1
Project("{FAE04EC0-301F-11D3-BF4B-00C04F79EFBC}") = "WALK_2", "WALK_2\WALK_2.csproj", "{D018CAC5-09C2-46CD-8180-BCD3534101DC}"
EndProject
Global
	GlobalSection(SolutionConfigurationPlatforms) = preSolution
		Debug|Any CPU = Debug|Any CPU
		Release|Any CPU = Release|Any CPU
	EndGlobalSection
	GlobalSection(ProjectConfigurationPlatforms) = postSolution
		{D018CAC5-09C2-46CD-8180-BCD3534101DC}.Debug|Any CPU.ActiveCfg = Debug|Any CPU
		{D018CAC5-09C2-46CD-8180-BCD3534101DC}.Debug|Any CPU.Build.0 = Debug|Any CPU
		{D018CAC5-09C2-46CD-8180-BCD3534101DC}.Release|Any CPU.ActiveCfg = Release|Any CPU
		{D018CAC5-09C2-46CD-8180-BCD3534101DC}.Release|Any CPU.Build.0 = Release|Any CPU
	EndGlobalSection
	GlobalSection(SolutionProperties) = preSolution
		HideSolutionNode = FALSE
	EndGlobalSection
	GlobalSection(ExtensibilityGlobals) = postSolution
		SolutionGuid = {33135BA7-9B0F-4CBB-B65F-85D9968CFED0}
	EndGlobalSection
EndGlobal
